<?xml version="1.0" encoding="utf-8"?>
<Project ToolsVersion="4.0" xmlns="http://schemas.microsoft.com/developer/msbuild/2003">
  <ItemGroup>
    <ClCompile Include="gamestate.cpp">
      <Filter>Source\State Classes</Filter>
    </ClCompile>
    <ClCompile Include="introstate.cpp">
      <Filter>Source\State Classes</Filter>
    </ClCompile>
    <ClCompile Include="playstate.cpp">
      <Filter>Source\State Classes</Filter>
    </ClCompile>
    <ClCompile Include="backbuffer.cpp">
      <Filter>Source\GP2D Framework</Filter>
    </ClCompile>
    <ClCompile Include="game.cpp">
      <Filter>Source\GP2D Framework</Filter>
    </ClCompile>
    <ClCompile Include="inputhandler.cpp">
      <Filter>Source\GP2D Framework</Filter>
    </ClCompile>
    <ClCompile Include="logmanager.cpp">
      <Filter>Source\GP2D Framework</Filter>
    </ClCompile>
    <ClCompile Include="main.cpp">
      <Filter>Source\GP2D Framework</Filter>
    </ClCompile>
    <ClCompile Include="sprite.cpp">
      <Filter>Source\GP2D Framework</Filter>
    </ClCompile>
    <ClCompile Include="texture.cpp">
      <Filter>Source\GP2D Framework</Filter>
    </ClCompile>
    <ClCompile Include="texturemanager.cpp">
      <Filter>Source\GP2D Framework</Filter>
    </ClCompile>
    <ClCompile Include="soundmanager.cpp">
      <Filter>Source\Managers</Filter>
    </ClCompile>
    <ClCompile Include="spritemanager.cpp">
      <Filter>Source\Managers</Filter>
    </ClCompile>
    <ClCompile Include="vector2.cpp">
      <Filter>Source\Utility</Filter>
    </ClCompile>
    <ClCompile Include="inireader.cpp">
      <Filter>Source\Utility</Filter>
    </ClCompile>
    <ClCompile Include="colour.cpp">
      <Filter>Source\Utility</Filter>
    </ClCompile>
    <ClCompile Include="buttongroup.cpp">
      <Filter>Source\UI</Filter>
    </ClCompile>
    <ClCompile Include="button.cpp">
      <Filter>Source\UI\Components</Filter>
    </ClCompile>
    <ClCompile Include="togglebutton.cpp">
      <Filter>Source\UI\Components</Filter>
    </ClCompile>
    <ClCompile Include="rectangle.cpp">
      <Filter>Source\UI\Components</Filter>
    </ClCompile>
    <ClCompile Include="label.cpp">
      <Filter>Source\UI\Components</Filter>
    </ClCompile>
    <ClCompile Include="interfacecomponent.cpp">
      <Filter>Source\UI\Components</Filter>
    </ClCompile>
    <ClCompile Include="mainmenustate.cpp">
      <Filter>Source\State Classes</Filter>
    </ClCompile>
    <ClCompile Include="userinterface.cpp">
      <Filter>Source\UI</Filter>
    </ClCompile>
    <ClCompile Include="player.cpp">
      <Filter>Source\Entities</Filter>
    </ClCompile>
    <ClCompile Include="movingplatform.cpp">
      <Filter>Source\Entities\Platforms</Filter>
    </ClCompile>
    <ClCompile Include="crumblingplatform.cpp">
      <Filter>Source\Entities\Platforms</Filter>
    </ClCompile>
    <ClCompile Include="platform.cpp">
      <Filter>Source\Entities\Platforms</Filter>
    </ClCompile>
    <ClCompile Include="section.cpp">
      <Filter>Source\Utility</Filter>
    </ClCompile>
    <ClCompile Include="enemy.cpp">
      <Filter>Source\Entities\Enemies</Filter>
    </ClCompile>
    <ClCompile Include="entity.cpp">
      <Filter>Source\GP2D Framework</Filter>
    </ClCompile>
    <ClCompile Include="gameoverstate.cpp">
      <Filter>Source\State Classes</Filter>
    </ClCompile>
    <ClCompile Include="statsstate.cpp">
      <Filter>Source\State Classes</Filter>
    </ClCompile>
    <ClCompile Include="sectionmanager.cpp">
      <Filter>Source\Managers</Filter>
    </ClCompile>
    <ClCompile Include="gumbootpowerup.cpp">
      <Filter>Source\Entities\Power-Ups</Filter>
    </ClCompile>
    <ClCompile Include="playerstates.cpp">
      <Filter>Source\State Classes\Player States</Filter>
    </ClCompile>
    <ClCompile Include="standingstate.cpp">
      <Filter>Source\State Classes\Player States</Filter>
    </ClCompile>
    <ClCompile Include="jumpingstate.cpp">
      <Filter>Source\State Classes\Player States</Filter>
    </ClCompile>
    <ClCompile Include="statemanager.cpp">
      <Filter>Source\Managers</Filter>
    </ClCompile>
    <ClCompile Include="animatedsprite.cpp">
      <Filter>Source\Utility</Filter>
    </ClCompile>
    <ClCompile Include="background.cpp">
      <Filter>Source\Utility</Filter>
    </ClCompile>
    <ClCompile Include="enemyfactory.cpp">
      <Filter>Source\Utility</Filter>
    </ClCompile>
    <ClCompile Include="walkingstate.cpp">
      <Filter>Source\State Classes\Player States</Filter>
    </ClCompile>
    <ClCompile Include="animatedspritemanager.cpp">
      <Filter>Source\Managers</Filter>
    </ClCompile>
    <ClCompile Include="fallingstate.cpp">
      <Filter>Source\State Classes\Player States</Filter>
    </ClCompile>
    <ClCompile Include="hivispowerup.cpp">
      <Filter>Source\Entities\Power-Ups</Filter>
    </ClCompile>
    <ClCompile Include="landppowerup.cpp">
      <Filter>Source\Entities\Power-Ups</Filter>
    </ClCompile>
    <ClCompile Include="landpstate.cpp">
      <Filter>Source\State Classes\Player States</Filter>
    </ClCompile>
    <ClCompile Include="pickupfactory.cpp">
      <Filter>Source\Utility</Filter>
    </ClCompile>
    <ClCompile Include="kiwicoin.cpp">
      <Filter>Source\Entities</Filter>
    </ClCompile>
    <ClCompile Include="pickups.cpp">
      <Filter>Source\Entities</Filter>
    </ClCompile>
    <ClCompile Include="particle.cpp">
      <Filter>Source\Entities\Particles</Filter>
    </ClCompile>
    <ClCompile Include="particleemitter.cpp">
      <Filter>Source\Entities\Particle Emitters</Filter>
    </ClCompile>
    <ClCompile Include="dustparticleemitter.cpp">
      <Filter>Source\Entities\Particle Emitters</Filter>
    </ClCompile>
    <ClCompile Include="sparkleemitter.cpp">
      <Filter>Source\Entities\Particle Emitters</Filter>
    </ClCompile>
    <ClCompile Include="laserbeam.cpp">
      <Filter>Source\Entities</Filter>
    </ClCompile>
    <ClCompile Include="parallaxbackground.cpp">
      <Filter>Source\Utility</Filter>
    </ClCompile>
    <ClCompile Include="flyingaggressiveenemy.cpp">
      <Filter>Source\Entities\Enemies</Filter>
    </ClCompile>
    <ClCompile Include="groundaggressiveenemy.cpp">
      <Filter>Source\Entities\Enemies</Filter>
    </ClCompile>
    <ClCompile Include="aggresiveenemy.cpp">
      <Filter>Source\Entities\Enemies</Filter>
    </ClCompile>
    <ClCompile Include="groundpassiveenemy.cpp">
      <Filter>Source\Entities\Enemies</Filter>
    </ClCompile>
    <ClCompile Include="passiveenemy.cpp">
      <Filter>Source\Entities\Enemies</Filter>
    </ClCompile>
  </ItemGroup>
  <ItemGroup>
    <ClInclude Include="gamestate.h">
      <Filter>Headers\State Classes</Filter>
    </ClInclude>
    <ClInclude Include="introstate.h">
      <Filter>Headers\State Classes</Filter>
    </ClInclude>
    <ClInclude Include="playstate.h">
      <Filter>Headers\State Classes</Filter>
    </ClInclude>
    <ClInclude Include="backbuffer.h">
      <Filter>Headers\GP2D Framework</Filter>
    </ClInclude>
    <ClInclude Include="entity.h">
      <Filter>Headers\GP2D Framework</Filter>
    </ClInclude>
    <ClInclude Include="game.h">
      <Filter>Headers\GP2D Framework</Filter>
    </ClInclude>
    <ClInclude Include="inputhandler.h">
      <Filter>Headers\GP2D Framework</Filter>
    </ClInclude>
    <ClInclude Include="logmanager.h">
      <Filter>Headers\GP2D Framework</Filter>
    </ClInclude>
    <ClInclude Include="sprite.h">
      <Filter>Headers\GP2D Framework</Filter>
    </ClInclude>
    <ClInclude Include="texture.h">
      <Filter>Headers\GP2D Framework</Filter>
    </ClInclude>
    <ClInclude Include="texturemanager.h">
      <Filter>Headers\GP2D Framework</Filter>
    </ClInclude>
    <ClInclude Include="soundmanager.h">
      <Filter>Headers\Managers</Filter>
    </ClInclude>
    <ClInclude Include="spritemanager.h">
      <Filter>Headers\Managers</Filter>
    </ClInclude>
    <ClInclude Include="mainmenustate.h">
      <Filter>Headers\State Classes</Filter>
    </ClInclude>
    <ClInclude Include="inireader.h">
      <Filter>Headers\Utility</Filter>
    </ClInclude>
    <ClInclude Include="vector2.h">
      <Filter>Headers\Utility</Filter>
    </ClInclude>
    <ClInclude Include="colour.h">
      <Filter>Headers\Utility</Filter>
    </ClInclude>
    <ClInclude Include="buttongroup.h">
      <Filter>Headers\UI</Filter>
    </ClInclude>
    <ClInclude Include="userinterface.h">
      <Filter>Headers\UI</Filter>
    </ClInclude>
    <ClInclude Include="button.h">
      <Filter>Headers\UI\Components</Filter>
    </ClInclude>
    <ClInclude Include="interfacecomponent.h">
      <Filter>Headers\UI\Components</Filter>
    </ClInclude>
    <ClInclude Include="label.h">
      <Filter>Headers\UI\Components</Filter>
    </ClInclude>
    <ClInclude Include="rectangle.h">
      <Filter>Headers\UI\Components</Filter>
    </ClInclude>
    <ClInclude Include="togglebutton.h">
      <Filter>Headers\UI\Components</Filter>
    </ClInclude>
    <ClInclude Include="player.h">
      <Filter>Headers\Entities</Filter>
    </ClInclude>
    <ClInclude Include="movingplatform.h">
      <Filter>Headers\Entities\Platforms</Filter>
    </ClInclude>
    <ClInclude Include="crumblingplatform.h">
      <Filter>Headers\Entities\Platforms</Filter>
    </ClInclude>
    <ClInclude Include="platform.h">
      <Filter>Headers\Entities\Platforms</Filter>
    </ClInclude>
    <ClInclude Include="section.h">
      <Filter>Headers\Utility</Filter>
    </ClInclude>
    <ClInclude Include="enemy.h">
      <Filter>Headers\Entities\Enemies</Filter>
    </ClInclude>
    <ClInclude Include="gameoverstate.h">
      <Filter>Headers\State Classes</Filter>
    </ClInclude>
    <ClInclude Include="statsstate.h">
      <Filter>Headers\State Classes</Filter>
    </ClInclude>
    <ClInclude Include="sectionmanager.h">
      <Filter>Headers\Managers</Filter>
    </ClInclude>
    <ClInclude Include="standingstate.h">
      <Filter>Headers\State Classes\Player States</Filter>
    </ClInclude>
    <ClInclude Include="playerstates.h">
      <Filter>Headers\State Classes\Player States</Filter>
    </ClInclude>
    <ClInclude Include="gumbootpowerup.h">
      <Filter>Headers\Entities\Power-Ups</Filter>
    </ClInclude>
    <ClInclude Include="pickups.h">
      <Filter>Headers\Entities\Power-Ups</Filter>
    </ClInclude>
    <ClInclude Include="statemanager.h">
      <Filter>Headers\Managers</Filter>
    </ClInclude>
    <ClInclude Include="jumpingstate.h">
      <Filter>Headers\State Classes\Player States</Filter>
    </ClInclude>
    <ClInclude Include="animatedsprite.h">
      <Filter>Headers\Utility</Filter>
    </ClInclude>
    <ClInclude Include="background.h">
      <Filter>Headers\Utility</Filter>
    </ClInclude>
    <ClInclude Include="enemyfactory.h">
      <Filter>Headers\Utility</Filter>
    </ClInclude>
    <ClInclude Include="walkingstate.h">
      <Filter>Headers\State Classes\Player States</Filter>
    </ClInclude>
    <ClInclude Include="fallingstate.h">
      <Filter>Headers\State Classes\Player States</Filter>
    </ClInclude>
    <ClInclude Include="animatedspritemanager.h">
      <Filter>Headers\Managers</Filter>
    </ClInclude>
    <ClInclude Include="hivispowerup.h">
      <Filter>Headers\Entities\Power-Ups</Filter>
    </ClInclude>
    <ClInclude Include="landppowerup.h">
      <Filter>Headers\Entities\Power-Ups</Filter>
    </ClInclude>
    <ClInclude Include="landpstate.h">
      <Filter>Headers\State Classes\Player States</Filter>
    </ClInclude>
    <ClInclude Include="pickupfactory.h">
      <Filter>Headers\Utility</Filter>
    </ClInclude>
    <ClInclude Include="kiwicoin.h">
      <Filter>Headers\Entities</Filter>
    </ClInclude>
    <ClInclude Include="particle.h">
      <Filter>Headers\Entities\Particles</Filter>
    </ClInclude>
    <ClInclude Include="particleemitter.h">
      <Filter>Headers\Entities\Particle Emitters</Filter>
    </ClInclude>
    <ClInclude Include="dustparticleemitter.h">
      <Filter>Headers\Entities\Particle Emitters</Filter>
    </ClInclude>
    <ClInclude Include="sparkleemitter.h">
      <Filter>Headers\Entities\Particle Emitters</Filter>
    </ClInclude>
    <ClInclude Include="laserbeam.h">
      <Filter>Headers\Entities</Filter>
    </ClInclude>
    <ClInclude Include="parallaxbackground.h">
      <Filter>Headers\Utility</Filter>
    </ClInclude>
    <ClInclude Include="groundaggressiveenemy.h">
      <Filter>Headers\Entities\Enemies</Filter>
    </ClInclude>
    <ClInclude Include="flyingaggressiveenemy.h">
      <Filter>Headers\Entities\Enemies</Filter>
    </ClInclude>
    <ClInclude Include="aggresiveenemy.h">
      <Filter>Headers\Entities\Enemies</Filter>
    </ClInclude>
    <ClInclude Include="groundpassiveenemy.h">
      <Filter>Headers\Entities\Enemies</Filter>
    </ClInclude>
    <ClInclude Include="passiveenemy.h">
      <Filter>Headers\Entities\Enemies</Filter>
    </ClInclude>
  </ItemGroup>
  <ItemGroup>
    <Filter Include="Headers">
      <UniqueIdentifier>{b3707f3a-4576-4843-ad21-86cdb16b37f7}</UniqueIdentifier>
    </Filter>
    <Filter Include="Source">
      <UniqueIdentifier>{6bc80206-4f46-4eb6-8f73-66e2acb982c8}</UniqueIdentifier>
    </Filter>
    <Filter Include="Headers\State Classes">
      <UniqueIdentifier>{782f8ea0-3742-45ae-a1d4-60c8902644f2}</UniqueIdentifier>
    </Filter>
    <Filter Include="Source\State Classes">
      <UniqueIdentifier>{27bec4ab-f8a6-41cd-9f91-fb3db0f91a32}</UniqueIdentifier>
    </Filter>
    <Filter Include="Headers\GP2D Framework">
      <UniqueIdentifier>{97bc0c15-7465-443d-8ed1-fdfba6ef4c32}</UniqueIdentifier>
    </Filter>
    <Filter Include="Source\GP2D Framework">
      <UniqueIdentifier>{b85cada1-f123-48bd-b63c-47d0b1665c47}</UniqueIdentifier>
    </Filter>
    <Filter Include="Source\Managers">
      <UniqueIdentifier>{40ece0af-f689-4175-872e-b7024a5eb93d}</UniqueIdentifier>
    </Filter>
    <Filter Include="Headers\Managers">
      <UniqueIdentifier>{e63eadf5-17b3-4f4e-a238-ae1f7aab91fe}</UniqueIdentifier>
    </Filter>
    <Filter Include="Source\Utility">
      <UniqueIdentifier>{20ab8f06-d23f-4676-b34d-c94fdee46cbc}</UniqueIdentifier>
    </Filter>
    <Filter Include="Headers\Utility">
      <UniqueIdentifier>{8ca23adf-1da9-4d6a-a39a-48301c0b37e0}</UniqueIdentifier>
    </Filter>
    <Filter Include="Source\UI">
      <UniqueIdentifier>{9e27179f-7dce-4a3a-9efb-db91b42939c7}</UniqueIdentifier>
    </Filter>
    <Filter Include="Headers\UI">
      <UniqueIdentifier>{441a8e39-7375-4d51-bae1-70b528a4bf0f}</UniqueIdentifier>
    </Filter>
    <Filter Include="Source\UI\Components">
      <UniqueIdentifier>{c50a715b-249d-40f5-830e-015a6d7f21af}</UniqueIdentifier>
    </Filter>
    <Filter Include="Headers\UI\Components">
      <UniqueIdentifier>{76fce8c1-72fa-43af-8601-c698635a7844}</UniqueIdentifier>
    </Filter>
    <Filter Include="Headers\Entities">
      <UniqueIdentifier>{6dec33a6-b397-40ce-a24e-60a18c022916}</UniqueIdentifier>
    </Filter>
    <Filter Include="Source\Entities">
      <UniqueIdentifier>{8c44e5ef-f1ff-4e70-ad37-8c3506fed14b}</UniqueIdentifier>
    </Filter>
    <Filter Include="Source\Entities\Platforms">
      <UniqueIdentifier>{720826a8-7bd9-499d-9288-f56ce0cca5ca}</UniqueIdentifier>
    </Filter>
    <Filter Include="Headers\Entities\Platforms">
      <UniqueIdentifier>{88bb5714-caf4-49de-ac83-8563accea9bd}</UniqueIdentifier>
    </Filter>
    <Filter Include="Headers\Entities\Enemies">
      <UniqueIdentifier>{cabe6093-f62f-4844-91f8-973184f6e4f5}</UniqueIdentifier>
    </Filter>
    <Filter Include="Source\Entities\Enemies">
      <UniqueIdentifier>{ffee3076-0b69-4abd-a1e3-73e0ea7e694e}</UniqueIdentifier>
    </Filter>
    <Filter Include="Source\Entities\Power-Ups">
      <UniqueIdentifier>{a4a9cc86-38b0-41ff-8ca2-b3ded9994c97}</UniqueIdentifier>
    </Filter>
    <Filter Include="Source\State Classes\Player States">
      <UniqueIdentifier>{bb2fc721-0189-4cfe-9750-f3e139b7da92}</UniqueIdentifier>
    </Filter>
    <Filter Include="Headers\State Classes\Player States">
      <UniqueIdentifier>{13df9180-7727-44dc-bb83-47c5956052e8}</UniqueIdentifier>
    </Filter>
    <Filter Include="Headers\Entities\Power-Ups">
      <UniqueIdentifier>{3fda97c6-ff3c-48ba-a0f2-92adb6bb830d}</UniqueIdentifier>
    </Filter>
    <Filter Include="Headers\Entities\Particles">
      <UniqueIdentifier>{3474968b-b40c-4c2c-b870-9fe0ba7cbb6a}</UniqueIdentifier>
    </Filter>
    <Filter Include="Source\Entities\Particles">
      <UniqueIdentifier>{839fe7a5-dd80-41bb-98fd-6cf2801db2cf}</UniqueIdentifier>
    </Filter>
    <Filter Include="Headers\Entities\Particle Emitters">
      <UniqueIdentifier>{66dcc5bc-c4bf-449a-9158-ea6923b7a348}</UniqueIdentifier>
    </Filter>
    <Filter Include="Source\Entities\Particle Emitters">
      <UniqueIdentifier>{be2b4dda-f890-47bc-8ac4-731b8b7d0d33}</UniqueIdentifier>
    </Filter>
  </ItemGroup>
</Project>